
Microsoft Visual Studio Solution File, Format Version 12.00
# Visual Studio 15
VisualStudioVersion = 15.0.27703.2042
MinimumVisualStudioVersion = 10.0.40219.1
Project("{FAE04EC0-301F-11D3-BF4B-00C04F79EFBC}") = "MATRIX", "MATRIX\MATRIX.csproj", "{70BD6856-ABD4-435F-814E-962AAA56B784}"
EndProject
Global
	GlobalSection(SolutionConfigurationPlatforms) = preSolution
		Debug|Any CPU = Debug|Any CPU
		Release|Any CPU = Release|Any CPU
	EndGlobalSection
	GlobalSection(ProjectConfigurationPlatforms) = postSolution
		{70BD6856-ABD4-435F-814E-962AAA56B784}.Debug|Any CPU.ActiveCfg = Debug|Any CPU
		{70BD6856-ABD4-435F-814E-962AAA56B784}.Debug|Any CPU.Build.0 = Debug|Any CPU
		{70BD6856-ABD4-435F-814E-962AAA56B784}.Release|Any CPU.ActiveCfg = Release|Any CPU
		{70BD6856-ABD4-435F-814E-962AAA56B784}.Release|Any CPU.Build.0 = Release|Any CPU
	EndGlobalSection
	GlobalSection(SolutionProperties) = preSolution
		HideSolutionNode = FALSE
	EndGlobalSection
	GlobalSection(ExtensibilityGlobals) = postSolution
		SolutionGuid = {F66B8252-1516-4F82-B739-CF97810BF4B3}
	EndGlobalSection
EndGlobal
